
Microsoft Visual Studio Solution File, Format Version 12.00
# Visual Studio Version 17
VisualStudioVersion = 17.9.34728.123
MinimumVisualStudioVersion = 10.0.40219.1
Project("{9A19103F-16F7-4668-BE54-9A1E7A4F7556}") = "BlazorWebApp", "BlazorWebApp\BlazorWebApp.csproj", "{4E4BDDB7-095B-4832-8F03-91DF9751C35E}"
EndProject
Project("{9A19103F-16F7-4668-BE54-9A1E7A4F7556}") = "BookSystem", "BookSystem\BookSystem.csproj", "{8BC68AF2-B0F1-4F51-B859-263BDEB12D3E}"
EndProject
Global
	GlobalSection(SolutionConfigurationPlatforms) = preSolution
		Debug|Any CPU = Debug|Any CPU
		Release|Any CPU = Release|Any CPU
	EndGlobalSection
	GlobalSection(ProjectConfigurationPlatforms) = postSolution
		{4E4BDDB7-095B-4832-8F03-91DF9751C35E}.Debug|Any CPU.ActiveCfg = Debug|Any CPU
		{4E4BDDB7-095B-4832-8F03-91DF9751C35E}.Debug|Any CPU.Build.0 = Debug|Any CPU
		{4E4BDDB7-095B-4832-8F03-91DF9751C35E}.Release|Any CPU.ActiveCfg = Release|Any CPU
		{4E4BDDB7-095B-4832-8F03-91DF9751C35E}.Release|Any CPU.Build.0 = Release|Any CPU
		{8BC68AF2-B0F1-4F51-B859-263BDEB12D3E}.Debug|Any CPU.ActiveCfg = Debug|Any CPU
		{8BC68AF2-B0F1-4F51-B859-263BDEB12D3E}.Debug|Any CPU.Build.0 = Debug|Any CPU
		{8BC68AF2-B0F1-4F51-B859-263BDEB12D3E}.Release|Any CPU.ActiveCfg = Release|Any CPU
		{8BC68AF2-B0F1-4F51-B859-263BDEB12D3E}.Release|Any CPU.Build.0 = Release|Any CPU
	EndGlobalSection
	GlobalSection(SolutionProperties) = preSolution
		HideSolutionNode = FALSE
	EndGlobalSection
	GlobalSection(ExtensibilityGlobals) = postSolution
		SolutionGuid = {992EE668-DF04-4382-922A-441F2B1E546F}
	EndGlobalSection
EndGlobal
